github.com/Azure/go-autorest v14.2.0+incompatible/go.mod h1:r+4oMnoxhatjLLJ6zxSWATqVooLgysK6ZNox3g/xq24=
github.com/Azure/go-autorest/autorest/adal v0.9.5/go.mod h1:B7KF7jKIeC9Mct5spmyCB/A8CG/sEz1vwIRGv/bbw7A=
github.com/Azure/go-autorest/autorest/date v0.3.0/go.mod h1:BI0uouVdmngYNUzGWeSYnokU+TrmwEsOqdt8Y6sso74=
github.com/Azure/go-autorest/logger v0.2.0/go.mod h1:T9E3cAhj2VqvPOtCYAvby9aBXkZmbF5NWuPV8+WeEW8=
github.com/Azure/go-autorest/tracing v0.6.0/go.mod h1:+vhtPC754Xsa23ID7GlGsrdKBpUA79WCAKPPZVC2DeU=
github.com/BurntSushi/toml v0.3.1/go.mod h1:xHWCNGjB5oqiDr8zfno3MHue2Ht5sIBksp03qcyfWMU=
github.com/PuerkitoBio/purell v1.1.1/go.mod h1:c11w/QuzBsJSee3cPx9rAFu61PvFxuPbtSwDGJws/X0=
github.com/PuerkitoBio/urlesc v0.0.0-20170810143723-de5bf2ad4578/go.mod h1:uGdkoq3SwY9Y+13GIhn11/XLaGBb4BfwItxLd5jeuXE=
github.com/agl/ed25519 v0.0.0-20170116200512-5312a6153412/go.mod h1:WPjqKcmVOxf0XSf3YxCJs6N6AOSrOx3obionmG7T0y0=
github.com/apparentlymart/go-cidr v1.0.1/go.mod h1:EBcsNrHc3zQeuaeCeCtQruQm+n9/YjEn/vI25Lg7Gwc=
github.com/apparentlymart/go-textseg/v12 v12.0.0/go.mod h1:S/4uRK2UtaQttw1GenVJEynmyUenKwP++x/+DdGV/Ec=
github.com/beorn7/perks v1.0.1/go.mod h1:G2ZrVWU2WbWT9wwq4/hrbKbnv/1ERSJQ0ibhJ6rlkpw=
github.com/bugsnag/bugsnag-go v1.4.1/go.mod h1:2oa8nejYd4cQ/b0hMIopN0lCRxU0bueqREvZLWFrtK8=
github.com/bugsnag/panicwrap v1.2.0/go.mod h1:D/8v3kj0zr8ZAKg1AQ6crr+5VwKN5eIywRkfhyM/+dE=
github.com/cenkalti/backoff v2.1.1+incompatible/go.mod h1:90ReRw6GdpyfrHakVjL/QHaoyV4aDUVVkXQJJJ3NXXM=
github.com/cloudflare/cfssl v0.0.0-20181213083726-b94e044bb51e/go.mod h1:yMWuSON2oQp+43nFtAV/uvKQIFpSPerB57DCt9t8sSA=
github.com/compose-spec/compose-spec v0.0.0-20230623140450-d63a678732a3 h1:YbpEs/CNAGa/2lsASxr2XAcOMQBeMVd6uQLLZxUD4Dc=
github.com/compose-spec/compose-spec v0.0.0-20230623140450-d63a678732a3/go.mod h1:SkxF2HOKkzpp+mNdvGONzi3g2shI/M94GkMgsE0JLuk=
github.com/compose-spec/compose-spec v0.0.0-20230626141542-c7f842ce463a h1:9gsWcK+jNkxqKaFyt5hkMA+lNXnyLC0gSJPUQF9h/CI=
github.com/compose-spec/compose-spec v0.0.0-20230626141542-c7f842ce463a/go.mod h1:SkxF2HOKkzpp+mNdvGONzi3g2shI/M94GkMgsE0JLuk=
github.com/compose-spec/compose-spec v0.0.0-20230629051316-305289eead60 h1:0wyrkmqb40WXecFlMRxxKA+iA9XqoCDgyXCud/Y5OwY=
github.com/compose-spec/compose-spec v0.0.0-20230629051316-305289eead60/go.mod h1:SkxF2HOKkzpp+mNdvGONzi3g2shI/M94GkMgsE0JLuk=
github.com/compose-spec/compose-spec v0.0.0-20230713225457-40c2421be01f h1:9gcoN1ndvlPiauBc4M6fxTIbTd/bWpqRYawdXULJq3E=
github.com/compose-spec/compose-spec v0.0.0-20230713225457-40c2421be01f/go.mod h1:SkxF2HOKkzpp+mNdvGONzi3g2shI/M94GkMgsE0JLuk=
github.com/compose-spec/compose-spec v0.0.0-20230719125707-55b450aee507 h1:k7z47/imAaUlZuMVpNTRX0h6E2dYQ5YQ/DUJJAP4680=
github.com/compose-spec/compose-spec v0.0.0-20230719125707-55b450aee507/go.mod h1:SkxF2HOKkzpp+mNdvGONzi3g2shI/M94GkMgsE0JLuk=
github.com/compose-spec/compose-spec v0.0.0-20230724132559-6907af1d7a8b h1:VbdFseBE88G/bW9LIynx77QMTZpW8kX9/ydDMyGtgZI=
github.com/compose-spec/compose-spec v0.0.0-20230724132559-6907af1d7a8b/go.mod h1:SkxF2HOKkzpp+mNdvGONzi3g2shI/M94GkMgsE0JLuk=
github.com/compose-spec/compose-spec v0.0.0-20230810081227-631f10f1aabc h1:E93Ppj6xhV/QYCNTg0oWAnsJxuy7v5X3vLH+6iSp7IY=
github.com/compose-spec/compose-spec v0.0.0-20230810081227-631f10f1aabc/go.mod h1:SkxF2HOKkzpp+mNdvGONzi3g2shI/M94GkMgsE0JLuk=
github.com/compose-spec/compose-spec v0.0.0-20230824062516-848a47ad5d0e h1:qmkQEx3/l6a4ofsiU+b1gDRkANoy55uyc3EXp1n77/Y=
github.com/compose-spec/compose-spec v0.0.0-20230824062516-848a47ad5d0e/go.mod h1:SkxF2HOKkzpp+mNdvGONzi3g2shI/M94GkMgsE0JLuk=
github.com/compose-spec/compose-spec v0.0.0-20230927132538-f223c5150d5d h1:EHvVBP6ZYAz5KXU5/iA3K6Z7G7haxPm44g/08tueZSw=
github.com/compose-spec/compose-spec v0.0.0-20230927132538-f223c5150d5d/go.mod h1:SkxF2HOKkzpp+mNdvGONzi3g2shI/M94GkMgsE0JLuk=
github.com/compose-spec/compose-spec v0.0.0-20231121152139-478928e7c9f8 h1:WQU6c3MGdIxVcDRC+Qstk9bJuYvHLvbyfkN8fStL1Qk=
github.com/compose-spec/compose-spec v0.0.0-20231121152139-478928e7c9f8/go.mod h1:SkxF2HOKkzpp+mNdvGONzi3g2shI/M94GkMgsE0JLuk=
github.com/containerd/fuse-overlayfs-snapshotter v1.0.2/go.mod h1:nRZceC8a7dRm3Ao6cJAwuJWPFiBPaibHiFntRUnzhwU=
github.com/davecgh/go-spew v1.1.1/go.mod h1:J7Y8YcW2NihsgmVo/mv3lAwl/skON4iLHjSsI+c5H38=
github.com/distribution/distribution v2.8.2+incompatible h1:k9+4DKdOG+quPFZXT/mUsiQrGu9vYCp+dXpuPkuqhk8=
github.com/distribution/distribution v2.8.2+incompatible/go.mod h1:EgLm2NgWtdKgzF9NpMzUKgzmR7AMmb0VQi2B+ZzDRjc=
github.com/distribution/distribution v2.8.3+incompatible h1:RlpEXBLq/WPXYvBYMDAmBX/SnhD67qwtvW/DzKc8pAo=
github.com/distribution/distribution v2.8.3+incompatible/go.mod h1:EgLm2NgWtdKgzF9NpMzUKgzmR7AMmb0VQi2B+ZzDRjc=
github.com/distribution/distribution v2.8.4-0.20231004140828-d607c6ccb937+incompatible h1:P+KGSuf9hFRNDeS5I8fnEkExK8W/GOr6mzn8aCkVzSU=
github.com/distribution/distribution v2.8.4-0.20231004140828-d607c6ccb937+incompatible/go.mod h1:EgLm2NgWtdKgzF9NpMzUKgzmR7AMmb0VQi2B+ZzDRjc=
github.com/distribution/reference v0.5.0 h1:/FUIFXtfc/x2gpa5/VGfiGLuOIdYa1t65IKK2OFGvA0=
github.com/distribution/reference v0.5.0/go.mod h1:BbU0aIcezP1/5jX/8MP0YiH4SdvB5Y4f/wlDRiLyi3E=
github.com/docker/buildx v0.11.0 h1:DNCOIYT/7J0sPBlU/ozEhFd4MtbnbFByn45yeTMHXVU=
github.com/docker/buildx v0.11.0/go.mod h1:Yq7ZNjrwXKzW0uSFMk46dl5Gl903k5+bp6U4apsM5rs=
github.com/docker/buildx v0.11.1 h1:xfmrAkOJrN+NLRcwhZn1iBgJVAK1dEBEv8lWu1Wxg14=
github.com/docker/buildx v0.11.1/go.mod h1:qAxs3bsJEfVo7DOc9riES/f9Z187CeGM5nLPmadk8AA=
github.com/docker/buildx v0.11.2 h1:R3p9F0gnI4FwvQ0p40UwdX1T4ugap4UWxY3TFHoP4Ws=
github.com/docker/buildx v0.11.2/go.mod h1:CWAABt10iIuGpleypA3103mplDfcGu0A2AvT03xfpTc=
github.com/docker/buildx v0.12.0 h1:pI4jr4SeH9oHa0SmMvH/lz+Rdqkg+dRa9H/1VXbYgws=
github.com/docker/buildx v0.12.0/go.mod h1:SBLnQH9q+77aVvpvS5LLIly9+nHVlwscl5GEegGMD5g=
github.com/docker/buildx v0.12.1-0.20231214091505-b68ee824c673 h1:mZ2+TyEERNA4GY2xO3kIa7ZhfmUNwveIMxGYWV126dA=
github.com/docker/buildx v0.12.1-0.20231214091505-b68ee824c673/go.mod h1:SBLnQH9q+77aVvpvS5LLIly9+nHVlwscl5GEegGMD5g=
github.com/docker/buildx v0.12.1 h1:oahmdKmkGaa8NnaWKvtDZe2vpSYsKZ+WsHOMLQTDCk8=
github.com/docker/buildx v0.12.1/go.mod h1:SBLnQH9q+77aVvpvS5LLIly9+nHVlwscl5GEegGMD5g=
github.com/docker/buildx v0.12.2-0.20240126114058-d43cf8c2c6b4 h1:aEFpoxTw5LIRjN0jFdHsOa1POpELzgwJ0SnhykCa8dg=
github.com/docker/buildx v0.12.2-0.20240126114058-d43cf8c2c6b4/go.mod h1:SBLnQH9q+77aVvpvS5LLIly9+nHVlwscl5GEegGMD5g=
github.com/docker/buildx v0.12.2-0.20240220084849-89154c7d3303 h1:J34paheV5gSKezhnVzwT5WwRQgPzBLYAdCYAFPoEYfU=
github.com/docker/buildx v0.12.2-0.20240220084849-89154c7d3303/go.mod h1:OoLv85M5U/p8TWyCINtEilyy0A0XTN9COQgmuE0bWhw=
github.com/docker/buildx v0.13.0 h1:nNbkgaxsWEZPX1P8yXN6dibAv7ADRMVqi0aohDFhLJY=
github.com/docker/buildx v0.13.0/go.mod h1:f2n6vggoX4sNNZ0XoRZ0Wtv6J1/rbDTabgdHtpW9NNM=
github.com/docker/buildx v0.13.1-0.20240307093612-37b7ad1465d2 h1:kuFvsZyZCYqxWBc3O7B95wHAoYKheuZYztIHstwnF7Y=
github.com/docker/buildx v0.13.1-0.20240307093612-37b7ad1465d2/go.mod h1:f2n6vggoX4sNNZ0XoRZ0Wtv6J1/rbDTabgdHtpW9NNM=
github.com/docker/buildx v0.13.1 h1:uZjBcb477zh02tnHk0rqNV/DZOxbf/OiHw6Mc8OhDYU=
github.com/docker/buildx v0.13.1/go.mod h1:f2n6vggoX4sNNZ0XoRZ0Wtv6J1/rbDTabgdHtpW9NNM=
github.com/docker/buildx v0.14.0 h1:FxqcfE7xgeEC4oQlKLpuvfobRDVDXrHE3jByM+mdyqk=
github.com/docker/buildx v0.14.0/go.mod h1:Vy/2lC9QsJvo33+7KKkN/GDE5WxnVqW0/dpcN7ZqPJY=
github.com/docker/buildx v0.14.1 h1:Pr3HdtHoDsCghlIExgGp0WOIgvbiViushOKIPUIyFI4=
github.com/docker/buildx v0.14.1/go.mod h1:s6xxLYXZIWnkdYpSvxRmoqZTb1vViV9q2f+Hg8cWA3Y=
github.com/docker/buildx v0.15.0 h1:PVq4IMnTvw1Sx0RKDWbfi2eTGawFd9CMBYnz9xat93Y=
github.com/docker/buildx v0.15.0/go.mod h1:AdkB1RIcU4rfZ6mpw2PA2pOi1ppI9yvFXkVEpq5EmS4=
github.com/docker/buildx v0.15.1 h1:1cO6JIc0rOoC8tlxfXoh1HH1uxaNvYH1q7J7kv5enhw=
github.com/docker/buildx v0.15.1/go.mod h1:16DQgJqoggmadc1UhLaUTPqKtR+PlByN/kyXFdkhFCo=
github.com/docker/buildx v0.16.0 h1:LurEflyb6BBoLtDwJY1dw9dLHKzEgGvCjAz67QI0xO0=
github.com/docker/buildx v0.16.0/go.mod h1:4xduW7BOJ2B11AyORKZFDKjF6Vcb4EgTYnV2nunxv9I=
github.com/docker/buildx v0.16.2 h1:SPcyEiiCZEntJQ+V0lJI8ZudUrki2v1qUqmC/NqxDDs=
github.com/docker/buildx v0.16.2/go.mod h1:by+CuE4Q+2NvECkIhNcWe89jjbHADCrDlzS9MRgbv2k=
github.com/docker/buildx v0.17.0 h1:Z+QQxsJJPldaeU/4aNXoudFwDDK0/ALFYmDcP5q5fiY=
github.com/docker/buildx v0.17.0/go.mod h1:sBKkoZFs+R2D6ARyQ4/GE/FQHHFsl9PkHdvv/GXAsMo=
github.com/docker/buildx v0.17.1 h1:9ob2jGp4+W9PxWw68GsoNFp+eYFc7eUoRL9VljLCSM4=
github.com/docker/buildx v0.17.1/go.mod h1:kJOhOhS47LRvrLFRulFiO5SE6VJf54yYMn7DzjgO5W0=
github.com/docker/buildx v0.18.0 h1:rSauXHeJt90NvtXrLK5J992Eb0UPJZs2vV3u1zTf1nE=
github.com/docker/buildx v0.18.0/go.mod h1:JGNSshOhHs5FhG3u51jXUf4lLOeD2QBIlJ2vaRB67p4=
github.com/docker/buildx v0.19.1 h1:muQEvRJLvOCS0p/67gPwjnQPWqE5ot3sGkb2Eq7vCmw=
github.com/docker/buildx v0.19.1/go.mod h1:k4WP+XmGRYL0a7l4RZAI2TqpwhuAuSQ5U/rosRgFmAA=
github.com/docker/buildx v0.19.2 h1:2zXzgP2liQKgQ5BiOqMc+wz7hfWgAIMWw5MR6QDG++I=
github.com/docker/buildx v0.19.2/go.mod h1:k4WP+XmGRYL0a7l4RZAI2TqpwhuAuSQ5U/rosRgFmAA=
github.com/docker/buildx v0.20.0 h1:XM2EvwEfohbxLPAheVm03biNHpspB/dA6U9F0c6yJsI=
github.com/docker/buildx v0.20.0/go.mod h1:VVi4Nvo4jd/IkRvwyExbIyW7u82fivK61MRx5I0oKic=
github.com/docker/buildx v0.20.1 h1:q88EfoYwrWEKVqNb9stOFq8fUlFp/OPlDcFE+QUYZBM=
github.com/docker/buildx v0.20.1/go.mod h1:VVi4Nvo4jd/IkRvwyExbIyW7u82fivK61MRx5I0oKic=
github.com/docker/cli v24.0.2+incompatible h1:QdqR7znue1mtkXIJ+ruQMGQhpw2JzMJLRXp6zpzF6tM=
github.com/docker/cli v24.0.2+incompatible/go.mod h1:JLrzqnKDaYBop7H2jaqPtU4hHvMKP+vjCwu2uszcLI8=
github.com/docker/cli v24.0.4+incompatible h1:Y3bYF9ekNTm2VFz5U/0BlMdJy73D+Y1iAAZ8l63Ydzw=
github.com/docker/cli v24.0.4+incompatible/go.mod h1:JLrzqnKDaYBop7H2jaqPtU4hHvMKP+vjCwu2uszcLI8=
github.com/docker/cli v24.0.5+incompatible h1:WeBimjvS0eKdH4Ygx+ihVq1Q++xg36M/rMi4aXAvodc=
github.com/docker/cli v24.0.5+incompatible/go.mod h1:JLrzqnKDaYBop7H2jaqPtU4hHvMKP+vjCwu2uszcLI8=
github.com/docker/cli v24.0.6+incompatible h1:fF+XCQCgJjjQNIMjzaSmiKJSCcfcXb3TWTcc7GAneOY=
github.com/docker/cli v24.0.6+incompatible/go.mod h1:JLrzqnKDaYBop7H2jaqPtU4hHvMKP+vjCwu2uszcLI8=
github.com/docker/cli v24.0.8-0.20231106123152-48ec4f339e2b+incompatible h1:tXZk7C97vINae9YYzPtqoClal32VoMl8gz6gLjJ6Kdg=
github.com/docker/cli v24.0.8-0.20231106123152-48ec4f339e2b+incompatible/go.mod h1:JLrzqnKDaYBop7H2jaqPtU4hHvMKP+vjCwu2uszcLI8=
github.com/docker/cli v24.0.8-0.20231211210310-fb2f337bc1b1+incompatible h1:3hcKPFXxdqoVzoIrjNF1NNb36kzFiEimwUegOhw0pC0=
github.com/docker/cli v24.0.8-0.20231211210310-fb2f337bc1b1+incompatible/go.mod h1:JLrzqnKDaYBop7H2jaqPtU4hHvMKP+vjCwu2uszcLI8=
github.com/docker/cli v24.0.8-0.20231213094340-0f82fd88610a+incompatible h1:OSAexdrbbGYSMOdaskqxEQR9N3CNv59ypbhD032P1TI=
github.com/docker/cli v24.0.8-0.20231213094340-0f82fd88610a+incompatible/go.mod h1:JLrzqnKDaYBop7H2jaqPtU4hHvMKP+vjCwu2uszcLI8=
github.com/docker/cli v24.0.8-0.20240103162225-b0c5946ba5d8+incompatible h1:hHBH6X0fAXobxcFmnrqiiUB+I0WrQ+65pjMZGW7p8h8=
github.com/docker/cli v24.0.8-0.20240103162225-b0c5946ba5d8+incompatible/go.mod h1:JLrzqnKDaYBop7H2jaqPtU4hHvMKP+vjCwu2uszcLI8=
github.com/docker/cli v25.0.0-beta.1+incompatible h1:bJzIgR4mKNpceAwwi19SqZK0AbztMc3nQTgnvxxyY/A=
github.com/docker/cli v25.0.0-beta.1+incompatible/go.mod h1:JLrzqnKDaYBop7H2jaqPtU4hHvMKP+vjCwu2uszcLI8=
github.com/docker/cli v25.0.1-0.20240119143135-01f933261885+incompatible h1:UkZcGfKrx1PUDTT/TEzeYpyeRvNVbNqsj01yasxHuvA=
github.com/docker/cli v25.0.1-0.20240119143135-01f933261885+incompatible/go.mod h1:JLrzqnKDaYBop7H2jaqPtU4hHvMKP+vjCwu2uszcLI8=
github.com/docker/cli v25.0.1+incompatible h1:mFpqnrS6Hsm3v1k7Wa/BO23oz0k121MTbTO1lpcGSkU=
github.com/docker/cli v25.0.1+incompatible/go.mod h1:JLrzqnKDaYBop7H2jaqPtU4hHvMKP+vjCwu2uszcLI8=
github.com/docker/cli v25.0.4-0.20240221083216-f67e569a8fb9+incompatible h1:crlBDc5Kfph4aUtWf9Rz+BtcNdB17bE3NLU+3+WuAaw=
github.com/docker/cli v25.0.4-0.20240221083216-f67e569a8fb9+incompatible/go.mod h1:JLrzqnKDaYBop7H2jaqPtU4hHvMKP+vjCwu2uszcLI8=
github.com/docker/cli v25.0.4+incompatible h1:DatRkJ+nrFoYL2HZUzjM5Z5sAmcA5XGp+AW0oEw2+cA=
github.com/docker/cli v25.0.4+incompatible/go.mod h1:JLrzqnKDaYBop7H2jaqPtU4hHvMKP+vjCwu2uszcLI8=
github.com/docker/cli v26.0.0+incompatible h1:90BKrx1a1HKYpSnnBFR6AgDq/FqkHxwlUyzJVPxD30I=
github.com/docker/cli v26.0.0+incompatible/go.mod h1:JLrzqnKDaYBop7H2jaqPtU4hHvMKP+vjCwu2uszcLI8=
github.com/docker/cli v26.1.0+incompatible h1:+nwRy8Ocd8cYNQ60mozDDICICD8aoFGtlPXifX/UQ3Y=
github.com/docker/cli v26.1.0+incompatible/go.mod h1:JLrzqnKDaYBop7H2jaqPtU4hHvMKP+vjCwu2uszcLI8=
github.com/docker/cli v26.1.3-0.20240513184838-60f2d38d5341+incompatible h1:9bTMRZTbwJvSrosCeCWS9o9cxtBxxpwOiwlrJZwSWb8=
github.com/docker/cli v26.1.3-0.20240513184838-60f2d38d5341+incompatible/go.mod h1:JLrzqnKDaYBop7H2jaqPtU4hHvMKP+vjCwu2uszcLI8=
github.com/docker/cli v27.0.1+incompatible h1:d/OrlblkOTkhJ1IaAGD1bLgUBtFQC/oP0VjkFMIN+B0=
github.com/docker/cli v27.0.1+incompatible/go.mod h1:JLrzqnKDaYBop7H2jaqPtU4hHvMKP+vjCwu2uszcLI8=
github.com/docker/cli v27.0.3+incompatible h1:usGs0/BoBW8MWxGeEtqPMkzOY56jZ6kYlSN5BLDioCQ=
github.com/docker/cli v27.0.3+incompatible/go.mod h1:JLrzqnKDaYBop7H2jaqPtU4hHvMKP+vjCwu2uszcLI8=
github.com/docker/cli v27.1.1+incompatible h1:goaZxOqs4QKxznZjjBWKONQci/MywhtRv2oNn0GkeZE=
github.com/docker/cli v27.1.1+incompatible/go.mod h1:JLrzqnKDaYBop7H2jaqPtU4hHvMKP+vjCwu2uszcLI8=
github.com/docker/cli v27.2.0+incompatible h1:yHD1QEB1/0vr5eBNpu8tncu8gWxg8EydFPOSKHzXSMM=
github.com/docker/cli v27.2.0+incompatible/go.mod h1:JLrzqnKDaYBop7H2jaqPtU4hHvMKP+vjCwu2uszcLI8=
github.com/docker/cli v27.2.2-0.20240909090509-65decb573126+incompatible h1:if+XpfWkGSpLf8NtVlYgvCeVvKW4Eba90LispMGC50M=
github.com/docker/cli v27.2.2-0.20240909090509-65decb573126+incompatible/go.mod h1:JLrzqnKDaYBop7H2jaqPtU4hHvMKP+vjCwu2uszcLI8=
github.com/docker/cli v27.3.0+incompatible h1:h7J5eiGdUbH2Q4EcGr1mFb20qzS7Nrot3EI9hwycpK0=
github.com/docker/cli v27.3.0+incompatible/go.mod h1:JLrzqnKDaYBop7H2jaqPtU4hHvMKP+vjCwu2uszcLI8=
github.com/docker/cli v27.3.1+incompatible h1:qEGdFBF3Xu6SCvCYhc7CzaQTlBmqDuzxPDpigSyeKQQ=
github.com/docker/cli v27.3.1+incompatible/go.mod h1:JLrzqnKDaYBop7H2jaqPtU4hHvMKP+vjCwu2uszcLI8=
github.com/docker/cli v27.3.2-0.20241107125754-eb986ae71b0c+incompatible h1:KqHavmeo5+ct30Z2UKxbVhUEfuzI9JZFgPdVVaWS4Uc=
github.com/docker/cli v27.3.2-0.20241107125754-eb986ae71b0c+incompatible/go.mod h1:JLrzqnKDaYBop7H2jaqPtU4hHvMKP+vjCwu2uszcLI8=
github.com/docker/cli v27.4.0+incompatible h1:/nJzWkcI1MDMN+U+px/YXnQWJqnu4J+QKGTfD6ptiTc=
github.com/docker/cli v27.4.0+incompatible/go.mod h1:JLrzqnKDaYBop7H2jaqPtU4hHvMKP+vjCwu2uszcLI8=
github.com/docker/cli v27.5.0+incompatible h1:aMphQkcGtpHixwwhAXJT1rrK/detk2JIvDaFkLctbGM=
github.com/docker/cli v27.5.0+incompatible/go.mod h1:JLrzqnKDaYBop7H2jaqPtU4hHvMKP+vjCwu2uszcLI8=
github.com/docker/cli v27.5.1+incompatible h1:JB9cieUT9YNiMITtIsguaN55PLOHhBSz3LKVc6cqWaY=
github.com/docker/cli v27.5.1+incompatible/go.mod h1:JLrzqnKDaYBop7H2jaqPtU4hHvMKP+vjCwu2uszcLI8=
github.com/docker/compose-cli v1.0.35 h1:uZyEHLalfqBS2PiTpA1LAULyJmuQ+YtZg7nG4Xl3/Cc=
github.com/docker/compose-cli v1.0.35/go.mod h1:mSXI4hFLpRU3EtI8NTo32bNwI0UXSr8jnq+/rYjGAUU=
github.com/docker/compose/v2 v2.22.0 h1:3rRz4L7tPU75wRsV8JZh2/aTgerQvPa1cpzZN+tHqUY=
github.com/docker/compose/v2 v2.22.0/go.mod h1:W+OVmnkJP0a62v8KnjtpXS0qrOdLnrxGJmKEU2dD4IQ=
github.com/docker/compose/v2 v2.23.0 h1:OX1MiAUn8LSfW0F3yOhUYnKZhnSj9qy29fSJn3tT3h4=
github.com/docker/compose/v2 v2.23.0/go.mod h1:548Y4k6qPQXdpouRp3EPx76k/ATYU5nrxULPSOsMM9U=
github.com/docker/compose/v2 v2.23.1 h1:wLgblcBfAgbXeNaxxKAIL//I+xgoyZ1BBbWFNfoLQ3I=
github.com/docker/compose/v2 v2.23.1/go.mod h1:FCqosV9Gc3/QOoRgYSjVnweNqDyr6LsAyLca5VPrEGU=
github.com/docker/compose/v2 v2.23.3 h1:2p2biZqpUvPzC8J7nDl+ankVQNCCAk2IZJ4eg1S+6BE=
github.com/docker/compose/v2 v2.23.3/go.mod h1:lUweVMN13YR0a9M7qdKulTSMS1kYdAysYNJlFEnDMCw=
github.com/docker/compose/v2 v2.24.0 h1:Gvmg3E5/Rqa4G340sYcUk/DIegT5Nod2ZV3MqR248j8=
github.com/docker/compose/v2 v2.24.0/go.mod h1:sDypMTKq6Mrp0W5NZ6+uiqxR9zEukI1RVuFRqwBTljs=
github.com/docker/compose/v2 v2.24.1 h1:Mk14AOkxetMKrWb1bOnx7bEfS+v/moaCZnU69QqUw6A=
github.com/docker/compose/v2 v2.24.1/go.mod h1:rrqu0bPBN/HD2wRSNwVN+V9SDfhVQnKxF1DP9B9WOdI=
github.com/docker/compose/v2 v2.24.2-0.20240119115212-388169011f47 h1:4vvuN0itjUryASt/WgrrLt7Tat7L53Ovt6Y1tLmVZPQ=
github.com/docker/compose/v2 v2.24.2-0.20240119115212-388169011f47/go.mod h1:YMMi6kNJdi3gELhMyhdnZinMiZvSWoyAl6i7XoeqFDg=
github.com/docker/compose/v2 v2.24.2 h1:uxH1Be7w/T2eozzgcftsTuOVOsxsOruJwJFLu6wsC6I=
github.com/docker/compose/v2 v2.24.2/go.mod h1:0PmmvCX+jo4kCp9JJxFY/Za7nCPwSzzRcX/g8y2gXTA=
github.com/docker/compose/v2 v2.24.4 h1:uBlpNmv27Gd9vlExUkQcgmLuNYlGloxX6yCt7Oau8vk=
github.com/docker/compose/v2 v2.24.4/go.mod h1:409UYNwh+eoKY5UST4ORZMuMNj+nBUuEZC3V+WF8CqA=
github.com/docker/compose/v2 v2.24.5 h1:7K173fhy+ghA88C8ib5YNa+kAZCx0CBeGW7lHcdoPZw=
github.com/docker/compose/v2 v2.24.5/go.mod h1:gg+RsqCXYD/TOIJgya4N9mtj/UmFJGEls7y3h/kadVE=
github.com/docker/compose/v2 v2.24.6 h1:V5fOXgga0hYy4wHsygCquO6/k++8q3WuckU7Qo1cnXk=
github.com/docker/compose/v2 v2.24.6/go.mod h1:ugV3/2KoKEeM98ZYF9vsYwnSExC4xLGxblAqXB6HUXQ=
github.com/docker/compose/v2 v2.24.7 h1:1WSo4CVf18tnGJMC6V78jYsAxSDD61ry6L3JwVT+8EI=
github.com/docker/compose/v2 v2.24.7/go.mod h1:7U3QbXdRJfBylTgkdlrjOg8hWLZqM09mof9DVZ5Fh4E=
github.com/docker/compose/v2 v2.25.0 h1:UMCrWFItKdXXrlbxvA63V3aFb4Nr3zmlSY2GvJIqJW0=
github.com/docker/compose/v2 v2.25.0/go.mod h1:M0PSYeTsp2ZEZJGhvzNTBtJeJRN7ZBGb4Ft1mUteTac=
github.com/docker/compose/v2 v2.26.1 h1:27fAR5jVzNUYwY/9ppIjrPqGYLW5HtOTq2aYGBMCtA0=
github.com/docker/compose/v2 v2.26.1/go.mod h1:5iVCMlr18ab0NlMxIPdtTgThTkzb34Z/zj15N7KSW+s=
github.com/docker/compose/v2 v2.27.0 h1:FKyClQdErCxUZULC2zo6Jn5ve+epFPe/Y0HaxjmUzNg=
github.com/docker/compose/v2 v2.27.0/go.mod h1:uaqwmY6haO8wXWHk+LAsqqDapX6boH4izRKqj/E7+Bo=
github.com/docker/compose/v2 v2.27.2 h1:8uvz019AZIPmw8+rnLBubAuyt9SEoU/pyCcAJPXMq0A=
github.com/docker/compose/v2 v2.27.2/go.mod h1:c6QJ/VVZrzVu97Ur1jylFLivvTkFdef1rSzmnQAO3DA=
github.com/docker/compose/v2 v2.28.0 h1:GSE/IC/cgWsv7KA5uoBrwVdHQbWS1R5XvvcEgoAQUOY=
github.com/docker/compose/v2 v2.28.0/go.mod h1:YDhEGZHuiXEqJu5Clc8N4si/CJIXHWU0Lf1ph9NxFYA=
github.com/docker/compose/v2 v2.28.1 h1:ORPfiVHrpnRQBDoC3F8JJyWAY8N5gWuo3FgwyivxFdM=
github.com/docker/compose/v2 v2.28.1/go.mod h1:wDtGQFHe99sPLCHXeVbCkc+Wsl4Y/2ZxiAJa/nga6rA=
github.com/docker/compose/v2 v2.29.0 h1:qPBhzfjT2zkxUXuu+TcbQq292bPpB0ozzVHot2w2IN0=
github.com/docker/compose/v2 v2.29.0/go.mod h1:95QFO8lue3WJmLUDSdOLBkm7KdGhcG6U+RvVxrQIzOo=
github.com/docker/compose/v2 v2.29.2 h1:gRlR2ApZ0IGcwmSUb/wlEVCk18Az8b7zl03hJArldOg=
github.com/docker/compose/v2 v2.29.2/go.mod h1:U+yqqZqYPhILehkmmir+Yh7ZhCfkKqAvaZdrM47JBRs=
github.com/docker/compose/v2 v2.30.0 h1:EjtEBeIPeqzlY3DUQhdjkiMwigX8TrUrgPAyAqey1d0=
github.com/docker/compose/v2 v2.30.0/go.mod h1:WlU5gYgsYfNLuDeUdTusvutEC5PV3sDc15aClbR5lPw=
github.com/docker/compose/v2 v2.30.1 h1:AwDaEcmgskxaI75Wjt3KL6/Xqq/GXKUQcBpo/RqMEkw=
github.com/docker/compose/v2 v2.30.1/go.mod h1:pt/uv8KQ6VaM0IbHZwB1UdwDIs9PB4nN4LoWst+dqXc=
github.com/docker/compose/v2 v2.30.2 h1:7PypFsyl5wjlSeOyx3LCb8XMcAGkb+D0fqM47OIKe8I=
github.com/docker/compose/v2 v2.30.2/go.mod h1:ND4+yaNoJ3Jh1OgrEO64uzMq/VKRqBkMS8zpb65Fve8=
github.com/docker/compose/v2 v2.30.3 h1:e8H7xGLCZOeFo46GEtyDGHlkBbNgXqbXKIXPOSL8cfU=
github.com/docker/compose/v2 v2.30.3/go.mod h1:ayPsSsRSc5WpVFehPrTDFuljAydxaf8g0aM9UKbaMXk=
github.com/docker/compose/v2 v2.31.0 h1:8Sm0c4MjIhksguxIA5koYMXoTJDAp/CaZ1cdZrMvMdw=
github.com/docker/compose/v2 v2.31.0/go.mod h1:oQq3UDEdsnB3AUO72AxaoeLbkCgmUu1+8tLzvmphmXA=
github.com/docker/compose/v2 v2.32.2/go.mod h1:fcK4rrf1bm8pfDsYdZIR+l4RSk9j6HVtBvJKGYyXsZ4=
github.com/docker/compose/v2 v2.32.3 h1:7KKVpTudYUrqs9GueTnJ+N6qnnzI2bqmANq6kXfmuv8=
github.com/docker/compose/v2 v2.32.3/go.mod h1:fcK4rrf1bm8pfDsYdZIR+l4RSk9j6HVtBvJKGYyXsZ4=
github.com/docker/compose/v2 v2.32.4 h1:h1I7GlJ1NCXKqM0nCVVsMrD/7TdIG48HNgRufcBF1KQ=
github.com/docker/compose/v2 v2.32.4/go.mod h1:fcK4rrf1bm8pfDsYdZIR+l4RSk9j6HVtBvJKGYyXsZ4=
github.com/docker/distribution v2.8.2+incompatible h1:T3de5rq0dB1j30rp0sA2rER+m322EBzniBPB6ZIzuh8=
github.com/docker/distribution v2.8.2+incompatible/go.mod h1:J2gT2udsDAN96Uj4KfcMRqY0/ypR+oyYUYmja8H+y+w=
github.com/docker/distribution v2.8.3+incompatible h1:AtKxIZ36LoNK51+Z6RpzLpddBirtxJnzDrHLEKxTAYk=
github.com/docker/go v1.5.1-1.0.20160303222718-d30aec9fd63c/go.mod h1:CADgU4DSXK5QUlFslkQu2yW2TKzFZcXq/leZfM0UH5Q=
github.com/docker/go-connections v0.4.0/go.mod h1:Gbd7IOopHjR8Iph03tsViu4nIes5XhDvyHbTtUxmeec=
github.com/docker/go-events v0.0.0-20190806004212-e31b211e4f1c/go.mod h1:Uw6UezgYA44ePAFQYUehOuCzmy5zmg/+nl2ZfMWGkpA=
github.com/docker/go-metrics v0.0.1/go.mod h1:cG1hvH2utMXtqgqqYE9plW6lDxS3/5ayHzueweSI3Vw=
github.com/docker/libtrust v0.0.0-20150526203908-9cbd2a1374f4/go.mod h1:cyGadeNEkKy96OOhEzfZl+yxihPEzKnqJwvfuSUqbZE=
github.com/docker/scout-cli v0.16.1 h1:kIcWkaA+cEwnC0nIjNlc8dnlXbV4D8Vyu3yrRUPB9xs=
github.com/docker/scout-cli v0.16.1/go.mod h1:Eo1RyCJsx3ldz/YTY5yGxu9g9mwTYbRUutxQUkow3Fc=
github.com/docker/scout-cli v0.16.2-0.20230623100159-43178dbabf53 h1:FA7tj4Bnu+jFJdwB5D6CCGTYvLfNkjGqjvvZmg3fcLc=
github.com/docker/scout-cli v0.16.2-0.20230623100159-43178dbabf53/go.mod h1:Eo1RyCJsx3ldz/YTY5yGxu9g9mwTYbRUutxQUkow3Fc=
github.com/docker/scout-cli v0.17.0 h1:fYFEMqhjVxbbKu48Djogwrn/lB1D/CJqnq/gDYfSs38=
github.com/docker/scout-cli v0.17.0/go.mod h1:Eo1RyCJsx3ldz/YTY5yGxu9g9mwTYbRUutxQUkow3Fc=
github.com/docker/scout-cli v0.19.0 h1:PGpAqercDHC4M0KsQwP+txk0sG+VVB23njuFurOf8Vw=
github.com/docker/scout-cli v0.19.0/go.mod h1:Eo1RyCJsx3ldz/YTY5yGxu9g9mwTYbRUutxQUkow3Fc=
github.com/docker/scout-cli v0.20.0 h1:+rj/uckRFs8vzQSxcWsVU4v1IiyWDcPvj8bMOxxYutI=
github.com/docker/scout-cli v0.20.0/go.mod h1:Eo1RyCJsx3ldz/YTY5yGxu9g9mwTYbRUutxQUkow3Fc=
github.com/docker/scout-cli v0.22.3 h1:STf1Oq0+PSVaWEwNZ9UleHTEZ0JUP1py6eQaRK0qivA=
github.com/docker/scout-cli v0.22.3/go.mod h1:Eo1RyCJsx3ldz/YTY5yGxu9g9mwTYbRUutxQUkow3Fc=
github.com/docker/scout-cli v0.23.0 h1:oFCNiO+11WhcnsXj3MF6uqJD49oBPMdJ3Pdq9XfZa4I=
github.com/docker/scout-cli v0.23.0/go.mod h1:Eo1RyCJsx3ldz/YTY5yGxu9g9mwTYbRUutxQUkow3Fc=
github.com/docker/scout-cli v0.23.3 h1:ToQ/Gw1clQ2GJ47Yt0HCefJB55oPOHZYH6rVxGdfF7Y=
github.com/docker/scout-cli v0.23.3/go.mod h1:Eo1RyCJsx3ldz/YTY5yGxu9g9mwTYbRUutxQUkow3Fc=
github.com/docker/scout-cli v0.24.1 h1:ga1J6dsKXfhBQ98wKbb+GWncuMdqErxhpLMxPSMqH+g=
github.com/docker/scout-cli v0.24.1/go.mod h1:Eo1RyCJsx3ldz/YTY5yGxu9g9mwTYbRUutxQUkow3Fc=
github.com/docker/scout-cli v1.0.2 h1:KweJ2S/WXncRIv+9+GrNI4bq/5TjcWY8WyWqgfV1zdM=
github.com/docker/scout-cli v1.0.2/go.mod h1:Eo1RyCJsx3ldz/YTY5yGxu9g9mwTYbRUutxQUkow3Fc=
github.com/docker/scout-cli v1.0.9 h1:P2Rs+HhVOIoSJZ1fcVuSDaxvV/8dCJTFdb3shrQtj5E=
github.com/docker/scout-cli v1.0.9/go.mod h1:Eo1RyCJsx3ldz/YTY5yGxu9g9mwTYbRUutxQUkow3Fc=
github.com/docker/scout-cli v1.2.0 h1:cjtsf7s2f6NO9OxgXWPW3DGxaTKVU58JKmVtaVMc0RA=
github.com/docker/scout-cli v1.2.0/go.mod h1:Eo1RyCJsx3ldz/YTY5yGxu9g9mwTYbRUutxQUkow3Fc=
github.com/docker/scout-cli v1.3.0 h1:mL9y1yB/DR/dAar71z0w8u8et9o2272Mrjxtb59ds3M=
github.com/docker/scout-cli v1.3.0/go.mod h1:Eo1RyCJsx3ldz/YTY5yGxu9g9mwTYbRUutxQUkow3Fc=
github.com/docker/scout-cli v1.4.1 h1:jRHO3LI3x2eMrvObKC6uadoRATbwZSXm1NafSzo9Cu4=
github.com/docker/scout-cli v1.4.1/go.mod h1:Eo1RyCJsx3ldz/YTY5yGxu9g9mwTYbRUutxQUkow3Fc=
github.com/docker/scout-cli v1.6.0 h1:07Kn2d/AshUSUk64ArZzE31lj4h7waGi8tjrFXxMZLY=
github.com/docker/scout-cli v1.6.0/go.mod h1:Eo1RyCJsx3ldz/YTY5yGxu9g9mwTYbRUutxQUkow3Fc=
github.com/docker/scout-cli v1.7.0 h1:2dEbQKqkxM6wsJab/Ma3EJacS9ZrkVs1C4KbjXggJjY=
github.com/docker/scout-cli v1.7.0/go.mod h1:Eo1RyCJsx3ldz/YTY5yGxu9g9mwTYbRUutxQUkow3Fc=
github.com/docker/scout-cli v1.8.0 h1:rxwU9Xzt1LhqSY37ZVe/GPRCQxrEaQNipOMpCrUdGns=
github.com/docker/scout-cli v1.8.0/go.mod h1:Eo1RyCJsx3ldz/YTY5yGxu9g9mwTYbRUutxQUkow3Fc=
github.com/docker/scout-cli v1.9.3 h1:u3lKQ7A1EvT3qNe5lR2c8dTNcAGIoSmH8HvSYarLlJY=
github.com/docker/scout-cli v1.9.3/go.mod h1:Eo1RyCJsx3ldz/YTY5yGxu9g9mwTYbRUutxQUkow3Fc=
github.com/docker/scout-cli v1.10.0 h1:C8Gm+6Oc7NqhtZ/UoACv3N2LaP1jqkhlIDRhBOqMBng=
github.com/docker/scout-cli v1.10.0/go.mod h1:Eo1RyCJsx3ldz/YTY5yGxu9g9mwTYbRUutxQUkow3Fc=
github.com/docker/scout-cli v1.11.0 h1:I310kNhjw3oeKe8T1cQEh6yPgy6VtpuwzjWchETn8KU=
github.com/docker/scout-cli v1.11.0/go.mod h1:Eo1RyCJsx3ldz/YTY5yGxu9g9mwTYbRUutxQUkow3Fc=
github.com/docker/scout-cli v1.12.0 h1:NhmT4BzL2lYiIk5hPFvK5FzQ8izbLDL3/Rugcyulv1M=
github.com/docker/scout-cli v1.12.0/go.mod h1:Eo1RyCJsx3ldz/YTY5yGxu9g9mwTYbRUutxQUkow3Fc=
github.com/docker/scout-cli v1.13.0 h1:RThUM56yooV5izqgMEYQS+a6Yx+vGmZofJwX0qjgkco=
github.com/docker/scout-cli v1.13.0/go.mod h1:Eo1RyCJsx3ldz/YTY5yGxu9g9mwTYbRUutxQUkow3Fc=
github.com/docker/scout-cli v1.15.0 h1:VhA9niVftEyZ9f5KGwKnrSfQOp2X3uIU3VbE/gTVMTM=
github.com/docker/scout-cli v1.15.0/go.mod h1:Eo1RyCJsx3ldz/YTY5yGxu9g9mwTYbRUutxQUkow3Fc=
github.com/elazarl/goproxy v0.0.0-20191011121108-aa519ddbe484/go.mod h1:Ro8st/ElPeALwNFlcTpWmkr6IoMFfkjXAvTHpevnDsM=
github.com/evanphx/json-patch v4.9.0+incompatible/go.mod h1:50XU6AFN0ol/bzJsmQLiYLvXMP4fmwYFNcr97nuDLSk=
github.com/fatih/color v1.7.0/go.mod h1:Zm6kSWBoL9eyXnKyktHP6abPY2pDugNf5KwzbycvMj4=
github.com/form3tech-oss/jwt-go v3.2.2+incompatible/go.mod h1:pbq4aXjuKjdthFRnoDwaVPLA+WlJuPGy+QneDUgJi2k=
github.com/fvbommel/sortorder v1.0.1/go.mod h1:uk88iVf1ovNn1iLfgUVU2F9o5eO30ui720w+kxuqRs0=
github.com/gogo/protobuf v1.3.2/go.mod h1:P1XiOD3dCwIKUDQYPy72D8LYyHL2YPYrpS2s69NZV8Q=
github.com/google/btree v1.0.0/go.mod h1:lNA+9X1NB3Zf8V7Ke586lFgjr2dZNuvo3lPJSGZ5JPQ=
github.com/google/shlex v0.0.0-20191202100458-e7afc7fbc510/go.mod h1:pupxD2MaaD3pAXIBCelhxNneeOaAeabZDe5s4K6zSpQ=
github.com/googleapis/gnostic v0.4.1/go.mod h1:LRhVm6pbyptWbWbuZ38d1eyptfvIytN3ir6b65WBswg=
github.com/gorilla/mux v1.8.0/go.mod h1:DVbg23sWSpFRCP0SfiEN6jmj59UnW/n46BH5rLB71So=
github.com/gregjones/httpcache v0.0.0-20180305231024-9cad4c3443a7/go.mod h1:FecbI9+v66THATjSRHfNgh1IVFe/9kFxbXtjV0ctIMA=
github.com/grpc-ecosystem/grpc-opentracing v0.0.0-20180507213350-8e809c8a8645/go.mod h1:6iZfnjpejD4L/4DwD7NryNaJyCQdzwWwH2MWhCA90Kw=
github.com/hailocab/go-hostpool v0.0.0-20160125115350-e80d13ce29ed/go.mod h1:tMWxXQ9wFIaZeTI9F+hmhFiGpFmhOHzyShyFUhRm0H4=
github.com/hashicorp/go-cleanhttp v0.5.1/go.mod h1:JpRdi6/HCYpAwUzNwuwqhbovhLtngrth3wmdIIUrZ80=
github.com/hashicorp/go-cty-funcs v0.0.0-20200930094925-2721b1e36840/go.mod h1:Abjk0jbRkDaNCzsRhOv2iDCofYpX1eVsjozoiK63qLA=
github.com/hashicorp/hcl/v2 v2.8.2/go.mod h1:bQTN5mpo+jewjJgh8jr0JUguIi7qPHUF6yIfAEN3jqY=
github.com/jaguilar/vt100 v0.0.0-20150826170717-2703a27b14ea/go.mod h1:QMdK4dGB3YhEW2BmA1wgGpPYI3HZy/5gD705PXKUVSg=
github.com/jinzhu/gorm v1.9.2/go.mod h1:Vla75njaFJ8clLU1W44h34PjIkijhjHIYnZxMqCdxqo=
github.com/jinzhu/inflection v0.0.0-20180308033659-04140366298a/go.mod h1:h+uFLlag+Qp1Va5pdKtLDYj+kHp5pxUVkryuEj+Srlc=
github.com/kardianos/osext v0.0.0-20190222173326-2bc1f35cddc0/go.mod h1:1NbS8ALrpOvjt0rHPNLyCIeMtbizbir8U//inJ+zuB8=
github.com/lib/pq v1.10.0/go.mod h1:AlVN5x4E4T544tWzH6hKfbfQvm3HdbOxrmggDNAPY9o=
github.com/mitchellh/go-homedir v1.1.0/go.mod h1:SfyaCUpYCn1Vlf4IUYiD9fPX4A5wJrkLzIz1N1q0pr0=
github.com/moby/buildkit v0.11.6 h1:VYNdoKk5TVxN7k4RvZgdeM4GOyRvIi4Z8MXOY7xvyUs=
github.com/moby/buildkit v0.11.6/go.mod h1:GCqKfHhz+pddzfgaR7WmHVEE3nKKZMMDPpK8mh3ZLv4=
github.com/moby/buildkit v0.12.0 h1:hgPDVSeondFLb28cBtRR5O0N4t8uWGJ4YNukT2aICIs=
github.com/moby/buildkit v0.12.0/go.mod h1:+n9GmkxwBCjVz4u7wmiyh+oqvjIjQM+1zk3iJrWfdos=
github.com/moby/buildkit v0.12.1-0.20230717122532-faa0cc7da353 h1:/ZIwqvOF3QKObJbjX96xVvAKtnWdw/AuEqysbbujaZA=
github.com/moby/buildkit v0.12.1-0.20230717122532-faa0cc7da353/go.mod h1:+n9GmkxwBCjVz4u7wmiyh+oqvjIjQM+1zk3iJrWfdos=
github.com/moby/buildkit v0.12.1-0.20230824004934-4376f3861b05 h1:oXcA1w1cswNzFW5TH5QoaAJ2zskZlFNsL8IHo28G3Os=
github.com/moby/buildkit v0.12.1-0.20230824004934-4376f3861b05/go.mod h1:BIvNtlrvok2xTC734ZNhQVGayvMB1Dz8bFuArWTLnnM=
github.com/moby/buildkit v0.12.1-0.20230830200556-05eb7287534b h1:VzIGQGWGnrDbzcQSJ28qTUAbNEtmszzuhUrzoqE/52Q=
github.com/moby/buildkit v0.12.1-0.20230830200556-05eb7287534b/go.mod h1:7/l0VKIyp1hBcGZF2hRpfBgvc0beQ9/hBWw7S+1JM0s=
github.com/moby/buildkit v0.12.1 h1:vvMG7EZYCiQZpTtXQkvyeyj7HzT1JHhDWj+/aiGIzLM=
github.com/moby/buildkit v0.12.1/go.mod h1:adB4y0SxxX8trnrY+oEulb48ODLqPO6pKMF0ppGcCoI=
github.com/moby/buildkit v0.12.2 h1:B7guBgY6sfk4dBlv/ORUxyYlp0UojYaYyATgtNwSCXc=
github.com/moby/buildkit v0.12.2/go.mod h1:adB4y0SxxX8trnrY+oEulb48ODLqPO6pKMF0ppGcCoI=
github.com/moby/buildkit v0.13.0-beta1.0.20231011042751-9ef1ed946118 h1:pqpcLt3wJTqBEY8Va3QQvd+taaBTEmK2+1kV7LKc69k=
github.com/moby/buildkit v0.13.0-beta1.0.20231011042751-9ef1ed946118/go.mod h1:oSHnUZH7sNtAFLyeN1syf46SuzMThKsCQaioNEqJVUk=
github.com/moby/buildkit v0.13.0-beta1.0.20231011101155-c444964c2e8f h1:CEiXZq08D7vLOnEDl7XY95zbupdWOJrRLb1VeZ+Hxq8=
github.com/moby/buildkit v0.13.0-beta1.0.20231011101155-c444964c2e8f/go.mod h1:oSHnUZH7sNtAFLyeN1syf46SuzMThKsCQaioNEqJVUk=
github.com/moby/buildkit v0.13.0-beta1.0.20231113205014-1efcd30d9dd6 h1:gfbjHMadWpzz9Jbbo4l73lrkNrP2YvNsKIIg8e5Ra4s=
github.com/moby/buildkit v0.13.0-beta1.0.20231113205014-1efcd30d9dd6/go.mod h1:VE6gCOYRW2hbxnxtt7udKkYMF73YdvkgIrGhkB0EiDA=
github.com/moby/buildkit v0.13.0-beta1.0.20231214000015-a960fe501f00 h1:Ymp+x/hsr6M6R+6j4XVyGaRrhAt1MnGXoN+ZkQ+TuuA=
github.com/moby/buildkit v0.13.0-beta1.0.20231214000015-a960fe501f00/go.mod h1:6MddWPSL5jxy+W8eMMHWDOfZzzRRKWXPZqajw72YHBc=
github.com/moby/buildkit v0.13.0-beta1.0.20231219135447-957cb50df991 h1:r80LLQ91uOLxU1ElAvrB1o8oBsph51lPzVnr7t2b200=
github.com/moby/buildkit v0.13.0-beta1.0.20231219135447-957cb50df991/go.mod h1:6MddWPSL5jxy+W8eMMHWDOfZzzRRKWXPZqajw72YHBc=
github.com/moby/buildkit v0.13.0-beta1.0.20240116143623-28ce478b1fde h1:t6dpbzyD4GYAX3zlm0s0+uH8xxx2UqF9uW9zuFIr+vg=
github.com/moby/buildkit v0.13.0-beta1.0.20240116143623-28ce478b1fde/go.mod h1:NK6kY+05bXjxhEmtGEMAwvSJ19gagBukPz6N4FFzlNs=
github.com/moby/buildkit v0.13.0-beta1.0.20240126101002-6bd81372ad6f h1:weCt2sfZGVAeThzpVyv4ibC0oFfvSxtbiTE7W77wXpc=
github.com/moby/buildkit v0.13.0-beta1.0.20240126101002-6bd81372ad6f/go.mod h1:vEcIVw63dZyhTgbcyQWXlZrtrKnvFoSI8LhfV+Vj0Jg=
github.com/moby/buildkit v0.13.0-beta3.0.20240201135300-d906167d0b34 h1:9oIm9T7YyDxRAXvP7y605G3TZmPGZjFvRHbbMJcIDy8=
github.com/moby/buildkit v0.13.0-beta3.0.20240201135300-d906167d0b34/go.mod h1:tSWWhq1EDM0eB3ngMNDiH2hOOW9fXTyn2uXuOraCLlE=
github.com/moby/buildkit v0.13.0-rc3.0.20240307012628-5a4c2975457b h1:lMLGJ3ErbAa5eGsVj7CkmN/2ByyyUFs3abfX99+C4pA=
github.com/moby/buildkit v0.13.0-rc3.0.20240307012628-5a4c2975457b/go.mod h1:P5zIr3pyh1VQoK751o5JFtogepVcLi9+77PTfmvJwls=
github.com/moby/buildkit v0.13.0-rc3.0.20240307092343-22d4212fed7e h1:lEQehVlOgEMJ6bZvx3TWFjFE9Cic4fWJplNNQtYUX/A=
github.com/moby/buildkit v0.13.0-rc3.0.20240307092343-22d4212fed7e/go.mod h1:P5zIr3pyh1VQoK751o5JFtogepVcLi9+77PTfmvJwls=
github.com/moby/buildkit v0.13.0-rc3.0.20240308080452-a38011b9f57d h1:q8sI5enL3NBniNUIeVyrbUj6WCSc0gg+tAQgX1m6oTM=
github.com/moby/buildkit v0.13.0-rc3.0.20240308080452-a38011b9f57d/go.mod h1:P5zIr3pyh1VQoK751o5JFtogepVcLi9+77PTfmvJwls=
github.com/moby/buildkit v0.13.0-rc3.0.20240402103816-7cd12732690e h1:+hA09x+9xK3KoXtxNFHiJxBbJrpVr/7UR221F2+pG9w=
github.com/moby/buildkit v0.13.0-rc3.0.20240402103816-7cd12732690e/go.mod h1:ij4XbVmcwOPQdTJQeO6341hqzvlw10kkuSsT36suSrk=
github.com/moby/buildkit v0.13.0-rc3.0.20240424175633-5fce077ed0e0 h1:wTJCJDC1woYunMCVd4qKvfJ4esNPYNBIW1459+FR1cA=
github.com/moby/buildkit v0.13.0-rc3.0.20240424175633-5fce077ed0e0/go.mod h1:wH5RTVyFjMQ67euC1e3UUSw7yQe7JkAHmf8OZkQY7Y4=
github.com/moby/buildkit v0.13.0 h1:reVR1Y+rbNIUQ9jf0Q1YZVH5a/nhOixZsl+HJ9qQEGI=
github.com/moby/buildkit v0.13.0/go.mod h1:aNmNQKLBFYAOFuzQjR3VA27/FijlvtBD1pjNwTSN37k=
github.com/moby/buildkit v0.14.0-rc2 h1:qvl0hOKeyAWReOkksNtstQjPNaAD4jN3Dvq4r7slqYM=
github.com/moby/buildkit v0.14.0-rc2/go.mod h1:/ZJNHNVso1nf063XlDhEkNEcRNW19utVpUKixCUo9Ks=
github.com/moby/buildkit v0.14.0-rc2.0.20240610193248-7da4d591c4dc h1:D/QzYP+52V4IzxMvcWe8ppgg0XptfI4/JCd7ry79gqY=
github.com/moby/buildkit v0.14.0-rc2.0.20240610193248-7da4d591c4dc/go.mod h1:1XssG7cAqv5Bz1xcGMxJL123iCv5TYN4Z/qf647gfuk=
github.com/moby/buildkit v0.14.0-rc2.0.20240611065153-eed17a45c62b h1:n06ACmuRYPZLR6DbQvVPDRGvqWK7gGCRJjMEzGTemzs=
github.com/moby/buildkit v0.14.0-rc2.0.20240611065153-eed17a45c62b/go.mod h1:1XssG7cAqv5Bz1xcGMxJL123iCv5TYN4Z/qf647gfuk=
github.com/moby/buildkit v0.15.1 h1:J6wrew7hphKqlq1wuu6yaUb/1Ra7gEzDAovylGztAKM=
github.com/moby/buildkit v0.15.1/go.mod h1:Yis8ZMUJTHX9XhH9zVyK2igqSHV3sxi3UN0uztZocZk=
github.com/moby/buildkit v0.16.0 h1:wOVBj1o5YNVad/txPQNXUXdelm7Hs/i0PUFjzbK0VKE=
github.com/moby/buildkit v0.16.0/go.mod h1:Xqx/5GlrqE1yIRORk0NSCVDFpQAU1WjlT6KHYZdisIQ=
github.com/moby/buildkit v0.17.0 h1:ZA/4AxwBbve1f3ZaNNJQiCBtTV62R6YweWNwq4A+sTc=
github.com/moby/buildkit v0.17.0/go.mod h1:ru8NFyDHD8HbuKaLXJIjK9nr3x6FZR+IWjtF07S+wdM=
github.com/moby/buildkit v0.17.1-0.20241031124041-354f2d13c905 h1:KMEmQThIQYXKvBurcvM+6zZjxP2CoNSsF/wUpW+RC/E=
github.com/moby/buildkit v0.17.1-0.20241031124041-354f2d13c905/go.mod h1:ru8NFyDHD8HbuKaLXJIjK9nr3x6FZR+IWjtF07S+wdM=
github.com/moby/buildkit v0.18.0 h1:KSelhNINJcNA3FCWBbGCytvicjP+kjU5kZlZhkTUkVo=
github.com/moby/buildkit v0.18.0/go.mod h1:vCR5CX8NGsPTthTg681+9kdmfvkvqJBXEv71GZe5msU=
github.com/moby/buildkit v0.19.0 h1:w9G1p7sArvCGNkpWstAqJfRQTXBKukMyMK1bsah1HNo=
github.com/moby/buildkit v0.19.0/go.mod h1:WiHBFTgWV8eB1AmPxIWsAlKjUACAwm3X/14xOV4VWew=
github.com/moby/locker v1.0.1/go.mod h1:S7SDdo5zpBK84bzzVlKr2V0hz+7x9hWbYC/kq7oQppc=
github.com/moby/moby v24.0.2+incompatible h1:yH+5dRHH1x3XRKzl1THA2aGTy6CHYnkt5N924ADMax8=
github.com/moby/moby v24.0.2+incompatible/go.mod h1:fDXVQ6+S340veQPv35CzDahGBmHsiclFwfEygB/TWMc=
github.com/moby/moby v24.0.4+incompatible h1:20Bf1sfJpspHMAUrxRFplG31Sriaw7Z9/jUEuJk6mqI=
github.com/moby/moby v24.0.4+incompatible/go.mod h1:fDXVQ6+S340veQPv35CzDahGBmHsiclFwfEygB/TWMc=
github.com/moby/moby v24.0.5+incompatible h1:uUbydai/Y9J7Ybt+lFI3zBdnsMYXnXE9vEcfZDoEE8Q=
github.com/moby/moby v24.0.5+incompatible/go.mod h1:fDXVQ6+S340veQPv35CzDahGBmHsiclFwfEygB/TWMc=
github.com/moby/moby v24.0.8-0.20240109122856-854ca341c0f6+incompatible h1:bwE6hpc+Kq+UhTMUOdepQYXDBIqQENvj/LuuRJmTpAs=
github.com/moby/moby v24.0.8-0.20240109122856-854ca341c0f6+incompatible/go.mod h1:fDXVQ6+S340veQPv35CzDahGBmHsiclFwfEygB/TWMc=
github.com/moby/moby v25.0.0+incompatible h1:KIFudkwXNK+kBrnCxWZNwhEf/jJzdjQAP7EF/awywMI=
github.com/moby/moby v25.0.0+incompatible/go.mod h1:fDXVQ6+S340veQPv35CzDahGBmHsiclFwfEygB/TWMc=
github.com/moby/moby v25.0.3-0.20240203133757-341a7978a541+incompatible h1:0Vgi62q5Zo4E0wl1ZBj8bRq9rZeOGK+xwz1SBr3Naz8=
github.com/moby/moby v25.0.3-0.20240203133757-341a7978a541+incompatible/go.mod h1:fDXVQ6+S340veQPv35CzDahGBmHsiclFwfEygB/TWMc=
github.com/moby/moby v25.0.4+incompatible h1:vea1J80wDM5x5geaZSaywFkfFxLABJIQ3mmR4ewZGbU=
github.com/moby/moby v25.0.4+incompatible/go.mod h1:fDXVQ6+S340veQPv35CzDahGBmHsiclFwfEygB/TWMc=
github.com/moby/moby v26.0.0+incompatible h1:2n9/cIWkxiEI1VsWgTGgXhxIWUbv42PyxEP9L+RReC0=
github.com/moby/moby v26.0.0+incompatible/go.mod h1:fDXVQ6+S340veQPv35CzDahGBmHsiclFwfEygB/TWMc=
github.com/moby/moby v26.1.0+incompatible h1:mjepCwMH0KpCgPvrXjqqyCeTCHgzO7p9TwZ2nQMI2qU=
github.com/moby/moby v26.1.0+incompatible/go.mod h1:fDXVQ6+S340veQPv35CzDahGBmHsiclFwfEygB/TWMc=
github.com/moby/moby v26.1.2+incompatible h1:yOGzOkmMRtkhyySHHRH9dWOK/rlrmZR/cVnMGqlynzw=
github.com/moby/moby v26.1.2+incompatible/go.mod h1:fDXVQ6+S340veQPv35CzDahGBmHsiclFwfEygB/TWMc=
github.com/moby/moby v27.0.1+incompatible h1:eWAkDZQMCcedwjpxh4hbDV/ktQG2QL41PuO7Bm4xWU4=
github.com/moby/moby v27.0.1+incompatible/go.mod h1:fDXVQ6+S340veQPv35CzDahGBmHsiclFwfEygB/TWMc=
github.com/moby/moby v27.0.3+incompatible h1:lnUi7z7EFl1VkcahJOdvkI5QDEHJyib4CHbQK3MCQsw=
github.com/moby/moby v27.0.3+incompatible/go.mod h1:fDXVQ6+S340veQPv35CzDahGBmHsiclFwfEygB/TWMc=
github.com/moby/moby v27.2.0+incompatible h1:WX2CjnXfZ8V87ugEIJuwVp7fDhHXCdi7gjlEQgcLE8I=
github.com/moby/moby v27.2.0+incompatible/go.mod h1:fDXVQ6+S340veQPv35CzDahGBmHsiclFwfEygB/TWMc=
github.com/moby/moby v27.2.1+incompatible h1:mIRBoOsLr+Q6s+h65ZFyi6cXBEVy2RXCWS5HOHlxx54=
github.com/moby/moby v27.2.1+incompatible/go.mod h1:fDXVQ6+S340veQPv35CzDahGBmHsiclFwfEygB/TWMc=
github.com/moby/moby v27.3.0+incompatible h1:AhSu/R7C5uiyd+JCts3kxrKyTzXa3FilBJ0KCLUHXqA=
github.com/moby/moby v27.3.0+incompatible/go.mod h1:fDXVQ6+S340veQPv35CzDahGBmHsiclFwfEygB/TWMc=
github.com/moby/moby v27.3.1+incompatible h1:KQbXBjo7PavKpzIl7UkHT31y9lw/e71Uvrqhr4X+zMA=
github.com/moby/moby v27.3.1+incompatible/go.mod h1:fDXVQ6+S340veQPv35CzDahGBmHsiclFwfEygB/TWMc=
github.com/moby/moby v27.4.0+incompatible h1:jGXXZCMAmFZS9pKsQqUt9yAPHOC450PM9lbQYPSQnuc=
github.com/moby/moby v27.4.0+incompatible/go.mod h1:fDXVQ6+S340veQPv35CzDahGBmHsiclFwfEygB/TWMc=
github.com/moby/moby v27.5.0+incompatible h1:RuYLppjLxMzWmPUQAy/hkJ6pGcXsuVdcmIVFqVPegO8=
github.com/moby/moby v27.5.0+incompatible/go.mod h1:fDXVQ6+S340veQPv35CzDahGBmHsiclFwfEygB/TWMc=
github.com/moby/moby v27.5.1+incompatible h1:/pN59F/t3U7Q4FPzV88nzqf7Fp0qqCSL2KzhZaiKcKw=
github.com/moby/moby v27.5.1+incompatible/go.mod h1:fDXVQ6+S340veQPv35CzDahGBmHsiclFwfEygB/TWMc=
github.com/moby/sys/symlink v0.1.0/go.mod h1:GGDODQmbFOjFsXvfLVn3+ZRxkch54RkSiGqsZeMYowQ=
github.com/modern-go/concurrent v0.0.0-20180306012644-bacd9c7ef1dd/go.mod h1:6dJC0mAP4ikYIbvyc7fijjWJddQyLn8Ig3JB5CqoB9Q=
github.com/morikuni/aec v1.0.0/go.mod h1:BbKIizmSmc5MMPqRYbxO4ZU0S0+P200+tUnFx7PXmsc=
github.com/munnerz/goautoneg v0.0.0-20191010083416-a7dc8b61c822/go.mod h1:+n7T8mK8HuQTcFwEeznm/DIxMOiR9yIdICNftLE1DvQ=
github.com/opencontainers/go-digest v1.0.0 h1:apOUWs51W5PlhuyGyz9FCeeBIOUDA/6nW8Oi/yOhh5U=
github.com/opencontainers/go-digest v1.0.0/go.mod h1:0JzlMkj0TRzQZfJkVvzbP0HBR3IKzErnv2BNG4W4MAM=
github.com/opencontainers/image-spec v1.1.0-rc3 h1:fzg1mXZFj8YdPeNkRXMg+zb88BFV0Ys52cJydRwBkb8=
github.com/opencontainers/image-spec v1.1.0-rc3/go.mod h1:X4pATf0uXsnn3g5aiGIsVnJBR4mxhKzfwmvK/B2NTm8=
github.com/opencontainers/image-spec v1.1.0-rc4 h1:oOxKUJWnFC4YGHCCMNql1x4YaDfYBTS5Y4x/Cgeo1E0=
github.com/opencontainers/image-spec v1.1.0-rc4/go.mod h1:X4pATf0uXsnn3g5aiGIsVnJBR4mxhKzfwmvK/B2NTm8=
github.com/opencontainers/image-spec v1.1.0-rc5 h1:Ygwkfw9bpDvs+c9E34SdgGOj41dX/cbdlwvlWt0pnFI=
github.com/opencontainers/image-spec v1.1.0-rc5/go.mod h1:X4pATf0uXsnn3g5aiGIsVnJBR4mxhKzfwmvK/B2NTm8=
github.com/opencontainers/image-spec v1.1.0-rc6 h1:XDqvyKsJEbRtATzkgItUqBA7QHk58yxX1Ov9HERHNqU=
github.com/opencontainers/image-spec v1.1.0 h1:8SG7/vwALn54lVB/0yZ/MMwhFrPYtpEHQb2IpWsCzug=
github.com/opentracing/opentracing-go v1.2.0/go.mod h1:GxEUsuufX4nBwe+T+Wl9TAgYrxe9dPLANfrWvHYVTgc=
github.com/peterbourgon/diskv v2.0.1+incompatible/go.mod h1:uqqh8zWWbv1HBMNONnaR/tNboyR3/BZd58JJSHlUSCU=
github.com/pkg/errors v0.9.1/go.mod h1:bwawxfHBFNV+L2hUp1rHADufV3IMtnDRdf1r5NINEl0=
github.com/pkg/profile v1.5.0/go.mod h1:qBsxPvzyUincmltOk6iyRVxHYg4adc0OFOv72ZdLa18=
github.com/pmezard/go-difflib v1.0.0/go.mod h1:iKH77koFhYxTK1pcRnkKkqfTogsbg7gZNVY4sRDYZ/4=
github.com/serialx/hashring v0.0.0-20190422032157-8b2912629002/go.mod h1:/yeG0My1xr/u+HZrFQ1tOQQQQrOawfyMUH13ai5brBc=
github.com/spf13/pflag v1.0.5/go.mod h1:McXfInJRrz4CZXVZOBLb0bTZqETkiAhM9Iw0y3An2Bg=
github.com/theupdateframework/notary v0.6.1/go.mod h1:MOfgIfmox8s7/7fduvB2xyPPMJCrjRLRizA8OFwpnKY=
github.com/tonistiigi/units v0.0.0-20180711220420-6950e57a87ea/go.mod h1:WPnis/6cRcDZSUvVmezrxJPkiO87ThFYsoUiMwWNDJk=
github.com/xeipuuv/gojsonreference v0.0.0-20180127040603-bd5ef7bd5415/go.mod h1:GwrjFmJcFw6At/Gs6z4yjiIwzuJ1/+UwLxMQDVQXShQ=
github.com/xeipuuv/gojsonschema v1.2.0/go.mod h1:anYRn/JVcOK2ZgGU+IjEV4nwlhoK5sQluxsYJ78Id3Y=
gopkg.in/dancannon/gorethink.v3 v3.0.5/go.mod h1:GXsi1e3N2OcKhcP6nsYABTiUejbWMFO4GY5a4pEaeEc=
gopkg.in/fatih/pool.v2 v2.0.0/go.mod h1:8xVGeu1/2jr2wm5V9SPuMht2H5AEmf5aFMGSQixtjTY=
gopkg.in/gorethink/gorethink.v3 v3.0.5/go.mod h1:+3yIIHJUGMBK+wyPH+iN5TP+88ikFDfZdqTlK3Y9q8I=
gopkg.in/inf.v0 v0.9.1/go.mod h1:cWUDdTG/fYaXco+Dcufb5Vnc6Gp2YChqWtbxRZE0mXw=
gopkg.in/yaml.v2 v2.4.0/go.mod h1:RDklbk79AGWmwhnvt/jBztapEOGDOx6ZbXqjP6csGnQ=
